{
    "version": 3,
    "terraform_version": "0.11.4",
    "serial": 2,
    "lineage": "e127a9e6-9145-d960-ebde-34ca4d2c559a",
    "modules": [
        {
            "path": [
                "root"
            ],
            "outputs": {},
            "resources": {
                "aws_s3_bucket.terraform_state_sergiidi": {
                    "type": "aws_s3_bucket",
                    "depends_on": [],
                    "primary": {
                        "id": "sergiidi-state",
                        "attributes": {
                            "acceleration_status": "",
                            "acl": "private",
                            "arn": "arn:aws:s3:::sergiidi-state",
                            "bucket": "sergiidi-state",
                            "bucket_domain_name": "sergiidi-state.s3.amazonaws.com",
                            "force_destroy": "false",
                            "hosted_zone_id": "Z1BKCTXD74EZPE",
                            "id": "sergiidi-state",
                            "logging.#": "0",
                            "region": "eu-west-1",
                            "replication_configuration.#": "0",
                            "request_payer": "BucketOwner",
                            "server_side_encryption_configuration.#": "0",
                            "tags.%": "0",
                            "versioning.#": "1",
                            "versioning.0.enabled": "true",
                            "versioning.0.mfa_delete": "false",
                            "website.#": "0"
                        },
                        "meta": {},
                        "tainted": false
                    },
                    "deposed": [],
                    "provider": "provider.aws"
                },
                "aws_security_group.sergii-homework": {
                    "type": "aws_security_group",
                    "depends_on": [],
                    "primary": {
                        "id": "sg-0aae8c70",
                        "attributes": {
                            "arn": "arn:aws:ec2:eu-west-1:850348603508:security-group/sg-0aae8c70",
                            "description": "Managed by Terraform",
                            "egress.#": "0",
                            "id": "sg-0aae8c70",
                            "ingress.#": "0",
                            "name": "sergii-homework",
                            "owner_id": "850348603508",
                            "revoke_rules_on_delete": "false",
                            "tags.%": "0",
                            "vpc_id": "vpc-855bbaee"
                        },
                        "meta": {
                            "e2bfb730-ecaa-11e6-8f88-34363bc7c4c0": {
                                "create": 600000000000,
                                "delete": 600000000000
                            },
                            "schema_version": "1"
                        },
                        "tainted": false
                    },
                    "deposed": [],
                    "provider": "provider.aws"
                },
                "aws_vpc.vpc-sergiidi-homework": {
                    "type": "aws_vpc",
                    "depends_on": [],
                    "primary": {
                        "id": "vpc-d26ae8b4",
                        "attributes": {
                            "assign_generated_ipv6_cidr_block": "false",
                            "cidr_block": "10.0.0.0/16",
                            "default_network_acl_id": "acl-87526ee1",
                            "default_route_table_id": "rtb-9866bfe1",
                            "default_security_group_id": "sg-40af8d3a",
                            "dhcp_options_id": "dopt-925bbaf9",
                            "enable_classiclink": "false",
                            "enable_classiclink_dns_support": "false",
                            "enable_dns_hostnames": "false",
                            "enable_dns_support": "true",
                            "id": "vpc-d26ae8b4",
                            "instance_tenancy": "default",
                            "main_route_table_id": "rtb-9866bfe1",
                            "tags.%": "1",
                            "tags.Name": "main"
                        },
                        "meta": {
                            "schema_version": "1"
                        },
                        "tainted": false
                    },
                    "deposed": [],
                    "provider": "provider.aws"
                }
            },
            "depends_on": []
        }
    ]
}
